
Microsoft Visual Studio Solution File, Format Version 12.00
# Visual Studio Version 17
VisualStudioVersion = 17.5.33424.131
MinimumVisualStudioVersion = 10.0.40219.1
Project("{9A19103F-16F7-4668-BE54-9A1E7A4F7556}") = "TradingService", "TradingService.csproj", "{9D1F3847-4E37-471E-B845-850B2A630633}"
EndProject
Global
	GlobalSection(SolutionConfigurationPlatforms) = preSolution
		Debug|Any CPU = Debug|Any CPU
		Release|Any CPU = Release|Any CPU
	EndGlobalSection
	GlobalSection(ProjectConfigurationPlatforms) = postSolution
		{9D1F3847-4E37-471E-B845-850B2A630633}.Debug|Any CPU.ActiveCfg = Debug|Any CPU
		{9D1F3847-4E37-471E-B845-850B2A630633}.Debug|Any CPU.Build.0 = Debug|Any CPU
		{9D1F3847-4E37-471E-B845-850B2A630633}.Release|Any CPU.ActiveCfg = Release|Any CPU
		{9D1F3847-4E37-471E-B845-850B2A630633}.Release|Any CPU.Build.0 = Release|Any CPU
	EndGlobalSection
	GlobalSection(SolutionProperties) = preSolution
		HideSolutionNode = FALSE
	EndGlobalSection
	GlobalSection(ExtensibilityGlobals) = postSolution
		SolutionGuid = {8144838C-34DA-4ABE-AA66-0125A50F80A8}
	EndGlobalSection
EndGlobal
